
Microsoft Visual Studio Solution File, Format Version 12.00
# Visual Studio Version 17
VisualStudioVersion = 17.1.32210.238
MinimumVisualStudioVersion = 10.0.40219.1
Project("{2150E333-8FDC-42A3-9474-1A3956D46DE8}") = "Solution Items", "Solution Items", "{C97D331C-9917-4F19-AB95-F64AA076BA61}"
	ProjectSection(SolutionItems) = preProject
		.gitattributes = .gitattributes
		.gitignore = .gitignore
		README.md = README.md
	EndProjectSection
EndProject
Project("{2150E333-8FDC-42A3-9474-1A3956D46DE8}") = "Приложение", "Приложение", "{7478E440-9F97-4F76-87AC-E73FCE723BD6}"
EndProject
Project("{2150E333-8FDC-42A3-9474-1A3956D46DE8}") = "Интерфейс", "Интерфейс", "{E7B037D6-31D6-45EF-BA35-33053ED0DF83}"
EndProject
Project("{2150E333-8FDC-42A3-9474-1A3956D46DE8}") = "База данных", "База данных", "{CE34B48F-DFE7-4091-8525-93AEFE31D1AC}"
	ProjectSection(SolutionItems) = preProject
		Разработка на SQL\A. Cоздать БД.sql = Разработка на SQL\A. Cоздать БД.sql
		Разработка на SQL\B. Заполнить данными.sql = Разработка на SQL\B. Заполнить данными.sql
		Разработка на SQL\C. Тест на ошибки.sql = Разработка на SQL\C. Тест на ошибки.sql
	EndProjectSection
EndProject
Project("{9A19103F-16F7-4668-BE54-9A1E7A4F7556}") = "Calendar", "Разработка приложения\Calenadar\Calendar.csproj", "{8F548695-5829-45C2-A158-CDD632B6E521}"
EndProject
Project("{9A19103F-16F7-4668-BE54-9A1E7A4F7556}") = "CalendarTest", "Разработка приложения\CalendarTest\CalendarTest.csproj", "{4B0049E4-32DB-41A6-96FF-3717DC70FBCA}"
EndProject
Project("{FAE04EC0-301F-11D3-BF4B-00C04F79EFBC}") = "MeetingCard", "Разработка интерфейса\MeetingCard\MeetingCard.csproj", "{93D393ED-9728-4C3F-81A9-DECFC5778DF3}"
EndProject
Global
	GlobalSection(SolutionConfigurationPlatforms) = preSolution
		Debug|Any CPU = Debug|Any CPU
		Release|Any CPU = Release|Any CPU
	EndGlobalSection
	GlobalSection(ProjectConfigurationPlatforms) = postSolution
		{8F548695-5829-45C2-A158-CDD632B6E521}.Debug|Any CPU.ActiveCfg = Debug|Any CPU
		{8F548695-5829-45C2-A158-CDD632B6E521}.Debug|Any CPU.Build.0 = Debug|Any CPU
		{8F548695-5829-45C2-A158-CDD632B6E521}.Release|Any CPU.ActiveCfg = Release|Any CPU
		{8F548695-5829-45C2-A158-CDD632B6E521}.Release|Any CPU.Build.0 = Release|Any CPU
		{4B0049E4-32DB-41A6-96FF-3717DC70FBCA}.Debug|Any CPU.ActiveCfg = Debug|Any CPU
		{4B0049E4-32DB-41A6-96FF-3717DC70FBCA}.Debug|Any CPU.Build.0 = Debug|Any CPU
		{4B0049E4-32DB-41A6-96FF-3717DC70FBCA}.Release|Any CPU.ActiveCfg = Release|Any CPU
		{4B0049E4-32DB-41A6-96FF-3717DC70FBCA}.Release|Any CPU.Build.0 = Release|Any CPU
		{93D393ED-9728-4C3F-81A9-DECFC5778DF3}.Debug|Any CPU.ActiveCfg = Debug|Any CPU
		{93D393ED-9728-4C3F-81A9-DECFC5778DF3}.Debug|Any CPU.Build.0 = Debug|Any CPU
		{93D393ED-9728-4C3F-81A9-DECFC5778DF3}.Release|Any CPU.ActiveCfg = Release|Any CPU
		{93D393ED-9728-4C3F-81A9-DECFC5778DF3}.Release|Any CPU.Build.0 = Release|Any CPU
	EndGlobalSection
	GlobalSection(SolutionProperties) = preSolution
		HideSolutionNode = FALSE
	EndGlobalSection
	GlobalSection(NestedProjects) = preSolution
		{8F548695-5829-45C2-A158-CDD632B6E521} = {7478E440-9F97-4F76-87AC-E73FCE723BD6}
		{4B0049E4-32DB-41A6-96FF-3717DC70FBCA} = {7478E440-9F97-4F76-87AC-E73FCE723BD6}
		{93D393ED-9728-4C3F-81A9-DECFC5778DF3} = {E7B037D6-31D6-45EF-BA35-33053ED0DF83}
	EndGlobalSection
	GlobalSection(ExtensibilityGlobals) = postSolution
		SolutionGuid = {0E795AFE-2D03-4B8D-9402-1232F56C6CA2}
	EndGlobalSection
EndGlobal
